
Microsoft Visual Studio Solution File, Format Version 12.00
# Visual Studio Version 17
VisualStudioVersion = 17.3.32825.248
MinimumVisualStudioVersion = 10.0.40219.1
Project("{FAE04EC0-301F-11D3-BF4B-00C04F79EFBC}") = "okeyTasiApp", "okeyTasiApp\okeyTasiApp.csproj", "{2671D443-9F59-4700-BF61-969486AF15D9}"
EndProject
Global
	GlobalSection(SolutionConfigurationPlatforms) = preSolution
		Debug|Any CPU = Debug|Any CPU
		Release|Any CPU = Release|Any CPU
	EndGlobalSection
	GlobalSection(ProjectConfigurationPlatforms) = postSolution
		{2671D443-9F59-4700-BF61-969486AF15D9}.Debug|Any CPU.ActiveCfg = Debug|Any CPU
		{2671D443-9F59-4700-BF61-969486AF15D9}.Debug|Any CPU.Build.0 = Debug|Any CPU
		{2671D443-9F59-4700-BF61-969486AF15D9}.Release|Any CPU.ActiveCfg = Release|Any CPU
		{2671D443-9F59-4700-BF61-969486AF15D9}.Release|Any CPU.Build.0 = Release|Any CPU
	EndGlobalSection
	GlobalSection(SolutionProperties) = preSolution
		HideSolutionNode = FALSE
	EndGlobalSection
	GlobalSection(ExtensibilityGlobals) = postSolution
		SolutionGuid = {33F34EFB-710A-4ED8-8887-1261BF0C74DE}
	EndGlobalSection
EndGlobal
